
Microsoft Visual Studio Solution File, Format Version 12.00
# Visual Studio Version 17
VisualStudioVersion = 17.14.36301.6 d17.14
MinimumVisualStudioVersion = 10.0.40219.1
Project("{FAE04EC0-301F-11D3-BF4B-00C04F79EFBC}") = "BearAndBigBrother", "BearAndBigBrother\BearAndBigBrother.csproj", "{82518AA4-E587-48EA-8CE5-134E44A74485}"
EndProject
Project("{FAE04EC0-301F-11D3-BF4B-00C04F79EFBC}") = "Team", "Team\Team.csproj", "{BE531D0D-D99C-4E95-8548-BEAFFED4DE80}"
EndProject
Global
	GlobalSection(SolutionConfigurationPlatforms) = preSolution
		Debug|Any CPU = Debug|Any CPU
		Release|Any CPU = Release|Any CPU
	EndGlobalSection
	GlobalSection(ProjectConfigurationPlatforms) = postSolution
		{82518AA4-E587-48EA-8CE5-134E44A74485}.Debug|Any CPU.ActiveCfg = Debug|Any CPU
		{82518AA4-E587-48EA-8CE5-134E44A74485}.Debug|Any CPU.Build.0 = Debug|Any CPU
		{82518AA4-E587-48EA-8CE5-134E44A74485}.Release|Any CPU.ActiveCfg = Release|Any CPU
		{82518AA4-E587-48EA-8CE5-134E44A74485}.Release|Any CPU.Build.0 = Release|Any CPU
		{BE531D0D-D99C-4E95-8548-BEAFFED4DE80}.Debug|Any CPU.ActiveCfg = Debug|Any CPU
		{BE531D0D-D99C-4E95-8548-BEAFFED4DE80}.Debug|Any CPU.Build.0 = Debug|Any CPU
		{BE531D0D-D99C-4E95-8548-BEAFFED4DE80}.Release|Any CPU.ActiveCfg = Release|Any CPU
		{BE531D0D-D99C-4E95-8548-BEAFFED4DE80}.Release|Any CPU.Build.0 = Release|Any CPU
	EndGlobalSection
	GlobalSection(SolutionProperties) = preSolution
		HideSolutionNode = FALSE
	EndGlobalSection
	GlobalSection(ExtensibilityGlobals) = postSolution
		SolutionGuid = {C9C77751-F12E-4F8C-A8B5-C28F1F5376CB}
	EndGlobalSection
EndGlobal
